
Microsoft Visual Studio Solution File, Format Version 12.00
# Visual Studio 15
VisualStudioVersion = 15.0.26124.0
MinimumVisualStudioVersion = 15.0.26124.0
Project("{2150E333-8FDC-42A3-9474-1A3956D46DE8}") = "src", "src", "{884A6A2B-C938-4236-A39B-ACB8F7BAD227}"
EndProject
Project("{FAE04EC0-301F-11D3-BF4B-00C04F79EFBC}") = "dackup", "src\dackup.csproj", "{45ECF7D6-60C3-4B4F-A686-613F62A6E98C}"
EndProject
Project("{2150E333-8FDC-42A3-9474-1A3956D46DE8}") = "tests", "tests", "{D5FE5B68-93E8-4EAE-9A83-2A10E5FAC65C}"
EndProject
Project("{FAE04EC0-301F-11D3-BF4B-00C04F79EFBC}") = "dackup.Tests", "tests\dackup.Tests.csproj", "{A1806031-1709-492A-A649-D05C81071AD3}"
EndProject
Global
	GlobalSection(SolutionConfigurationPlatforms) = preSolution
		Debug|Any CPU = Debug|Any CPU
		Debug|x64 = Debug|x64
		Debug|x86 = Debug|x86
		Release|Any CPU = Release|Any CPU
		Release|x64 = Release|x64
		Release|x86 = Release|x86
	EndGlobalSection
	GlobalSection(SolutionProperties) = preSolution
		HideSolutionNode = FALSE
	EndGlobalSection
	GlobalSection(ProjectConfigurationPlatforms) = postSolution
		{45ECF7D6-60C3-4B4F-A686-613F62A6E98C}.Debug|Any CPU.ActiveCfg = Debug|Any CPU
		{45ECF7D6-60C3-4B4F-A686-613F62A6E98C}.Debug|Any CPU.Build.0 = Debug|Any CPU
		{45ECF7D6-60C3-4B4F-A686-613F62A6E98C}.Debug|x64.ActiveCfg = Debug|Any CPU
		{45ECF7D6-60C3-4B4F-A686-613F62A6E98C}.Debug|x64.Build.0 = Debug|Any CPU
		{45ECF7D6-60C3-4B4F-A686-613F62A6E98C}.Debug|x86.ActiveCfg = Debug|Any CPU
		{45ECF7D6-60C3-4B4F-A686-613F62A6E98C}.Debug|x86.Build.0 = Debug|Any CPU
		{45ECF7D6-60C3-4B4F-A686-613F62A6E98C}.Release|Any CPU.ActiveCfg = Release|Any CPU
		{45ECF7D6-60C3-4B4F-A686-613F62A6E98C}.Release|Any CPU.Build.0 = Release|Any CPU
		{45ECF7D6-60C3-4B4F-A686-613F62A6E98C}.Release|x64.ActiveCfg = Release|Any CPU
		{45ECF7D6-60C3-4B4F-A686-613F62A6E98C}.Release|x64.Build.0 = Release|Any CPU
		{45ECF7D6-60C3-4B4F-A686-613F62A6E98C}.Release|x86.ActiveCfg = Release|Any CPU
		{45ECF7D6-60C3-4B4F-A686-613F62A6E98C}.Release|x86.Build.0 = Release|Any CPU
		{A1806031-1709-492A-A649-D05C81071AD3}.Debug|Any CPU.ActiveCfg = Debug|Any CPU
		{A1806031-1709-492A-A649-D05C81071AD3}.Debug|Any CPU.Build.0 = Debug|Any CPU
		{A1806031-1709-492A-A649-D05C81071AD3}.Debug|x64.ActiveCfg = Debug|Any CPU
		{A1806031-1709-492A-A649-D05C81071AD3}.Debug|x64.Build.0 = Debug|Any CPU
		{A1806031-1709-492A-A649-D05C81071AD3}.Debug|x86.ActiveCfg = Debug|Any CPU
		{A1806031-1709-492A-A649-D05C81071AD3}.Debug|x86.Build.0 = Debug|Any CPU
		{A1806031-1709-492A-A649-D05C81071AD3}.Release|Any CPU.ActiveCfg = Release|Any CPU
		{A1806031-1709-492A-A649-D05C81071AD3}.Release|Any CPU.Build.0 = Release|Any CPU
		{A1806031-1709-492A-A649-D05C81071AD3}.Release|x64.ActiveCfg = Release|Any CPU
		{A1806031-1709-492A-A649-D05C81071AD3}.Release|x64.Build.0 = Release|Any CPU
		{A1806031-1709-492A-A649-D05C81071AD3}.Release|x86.ActiveCfg = Release|Any CPU
		{A1806031-1709-492A-A649-D05C81071AD3}.Release|x86.Build.0 = Release|Any CPU
	EndGlobalSection
	GlobalSection(NestedProjects) = preSolution
		{45ECF7D6-60C3-4B4F-A686-613F62A6E98C} = {884A6A2B-C938-4236-A39B-ACB8F7BAD227}
		{A1806031-1709-492A-A649-D05C81071AD3} = {D5FE5B68-93E8-4EAE-9A83-2A10E5FAC65C}
	EndGlobalSection
EndGlobal
